
Microsoft Visual Studio Solution File, Format Version 12.00
# Visual Studio Version 17
VisualStudioVersion = 17.11.35222.181
MinimumVisualStudioVersion = 10.0.40219.1
Project("{FAE04EC0-301F-11D3-BF4B-00C04F79EFBC}") = "QLBanHang", "QLBanHang.csproj", "{A9768862-9FC8-4270-91C8-5CF3947531EC}"
EndProject
Global
	GlobalSection(SolutionConfigurationPlatforms) = preSolution
		Debug|Any CPU = Debug|Any CPU
		Release|Any CPU = Release|Any CPU
	EndGlobalSection
	GlobalSection(ProjectConfigurationPlatforms) = postSolution
		{A9768862-9FC8-4270-91C8-5CF3947531EC}.Debug|Any CPU.ActiveCfg = Debug|Any CPU
		{A9768862-9FC8-4270-91C8-5CF3947531EC}.Debug|Any CPU.Build.0 = Debug|Any CPU
		{A9768862-9FC8-4270-91C8-5CF3947531EC}.Release|Any CPU.ActiveCfg = Release|Any CPU
		{A9768862-9FC8-4270-91C8-5CF3947531EC}.Release|Any CPU.Build.0 = Release|Any CPU
	EndGlobalSection
	GlobalSection(SolutionProperties) = preSolution
		HideSolutionNode = FALSE
	EndGlobalSection
	GlobalSection(ExtensibilityGlobals) = postSolution
		SolutionGuid = {397FF12E-404A-43B3-B244-ADE66F4123A8}
	EndGlobalSection
EndGlobal
